
Microsoft Visual Studio Solution File, Format Version 12.00
# Visual Studio Version 17
VisualStudioVersion = 17.11.35327.3
MinimumVisualStudioVersion = 10.0.40219.1
Project("{FAE04EC0-301F-11D3-BF4B-00C04F79EFBC}") = "Calculator", "Calculator\Calculator.csproj", "{D8FC2252-9A58-41A4-904E-6B148F09120B}"
EndProject
Global
	GlobalSection(SolutionConfigurationPlatforms) = preSolution
		Debug|Any CPU = Debug|Any CPU
		Release|Any CPU = Release|Any CPU
	EndGlobalSection
	GlobalSection(ProjectConfigurationPlatforms) = postSolution
		{D8FC2252-9A58-41A4-904E-6B148F09120B}.Debug|Any CPU.ActiveCfg = Debug|Any CPU
		{D8FC2252-9A58-41A4-904E-6B148F09120B}.Debug|Any CPU.Build.0 = Debug|Any CPU
		{D8FC2252-9A58-41A4-904E-6B148F09120B}.Release|Any CPU.ActiveCfg = Release|Any CPU
		{D8FC2252-9A58-41A4-904E-6B148F09120B}.Release|Any CPU.Build.0 = Release|Any CPU
	EndGlobalSection
	GlobalSection(SolutionProperties) = preSolution
		HideSolutionNode = FALSE
	EndGlobalSection
	GlobalSection(ExtensibilityGlobals) = postSolution
		SolutionGuid = {003A27CF-B382-4897-B8BA-DBCC6A5F8C30}
	EndGlobalSection
EndGlobal
